
Microsoft Visual Studio Solution File, Format Version 12.00
# Visual Studio Version 16
VisualStudioVersion = 16.0.32630.194
MinimumVisualStudioVersion = 10.0.40219.1
Project("{FAE04EC0-301F-11D3-BF4B-00C04F79EFBC}") = "ToDo.WebAPI", "ToDo.WebAPI\ToDo.WebAPI.csproj", "{4D40CE15-1355-4E5E-AA22-55709AB49D26}"
EndProject
Project("{FAE04EC0-301F-11D3-BF4B-00C04F79EFBC}") = "ToDo.Core", "ToDo.Core\ToDo.Core.csproj", "{0F1C3E3B-4B79-4FAB-895E-8D5741118B6F}"
EndProject
Project("{FAE04EC0-301F-11D3-BF4B-00C04F79EFBC}") = "ToDo.Infra", "ToDo.Infra\ToDo.Infra.csproj", "{B925C4A7-DF90-4CDE-9277-F14D21DA4053}"
EndProject
Global
	GlobalSection(SolutionConfigurationPlatforms) = preSolution
		Debug|Any CPU = Debug|Any CPU
		Release|Any CPU = Release|Any CPU
	EndGlobalSection
	GlobalSection(ProjectConfigurationPlatforms) = postSolution
		{4D40CE15-1355-4E5E-AA22-55709AB49D26}.Debug|Any CPU.ActiveCfg = Debug|Any CPU
		{4D40CE15-1355-4E5E-AA22-55709AB49D26}.Debug|Any CPU.Build.0 = Debug|Any CPU
		{4D40CE15-1355-4E5E-AA22-55709AB49D26}.Release|Any CPU.ActiveCfg = Release|Any CPU
		{4D40CE15-1355-4E5E-AA22-55709AB49D26}.Release|Any CPU.Build.0 = Release|Any CPU
		{0F1C3E3B-4B79-4FAB-895E-8D5741118B6F}.Debug|Any CPU.ActiveCfg = Debug|Any CPU
		{0F1C3E3B-4B79-4FAB-895E-8D5741118B6F}.Debug|Any CPU.Build.0 = Debug|Any CPU
		{0F1C3E3B-4B79-4FAB-895E-8D5741118B6F}.Release|Any CPU.ActiveCfg = Release|Any CPU
		{0F1C3E3B-4B79-4FAB-895E-8D5741118B6F}.Release|Any CPU.Build.0 = Release|Any CPU
		{B925C4A7-DF90-4CDE-9277-F14D21DA4053}.Debug|Any CPU.ActiveCfg = Debug|Any CPU
		{B925C4A7-DF90-4CDE-9277-F14D21DA4053}.Debug|Any CPU.Build.0 = Debug|Any CPU
		{B925C4A7-DF90-4CDE-9277-F14D21DA4053}.Release|Any CPU.ActiveCfg = Release|Any CPU
		{B925C4A7-DF90-4CDE-9277-F14D21DA4053}.Release|Any CPU.Build.0 = Release|Any CPU
	EndGlobalSection
	GlobalSection(SolutionProperties) = preSolution
		HideSolutionNode = FALSE
	EndGlobalSection
	GlobalSection(ExtensibilityGlobals) = postSolution
		SolutionGuid = {F42B72E6-DF8F-4D52-9A7C-053E7248D467}
	EndGlobalSection
EndGlobal
